
Microsoft Visual Studio Solution File, Format Version 12.00
Project("{FAE04EC0-301F-11D3-BF4B-00C04F79EFBC}") = "EL2.QuestRecovery", "EL2.QuestRecovery\EL2.QuestRecovery.csproj", "{03E6E1F2-BA6E-4248-A381-6C88CF3A6C81}"
EndProject
Project("{FAE04EC0-301F-11D3-BF4B-00C04F79EFBC}") = "EL2.LiveJournal", "EL2.LiveJournal\EL2.LiveJournal.csproj", "{F7A1B289-0B43-4BFA-BEAA-00EA0BA537C5}"
EndProject
Global
	GlobalSection(SolutionConfigurationPlatforms) = preSolution
		Debug|Any CPU = Debug|Any CPU
		Release|Any CPU = Release|Any CPU
	EndGlobalSection
	GlobalSection(ProjectConfigurationPlatforms) = postSolution
		{03E6E1F2-BA6E-4248-A381-6C88CF3A6C81}.Debug|Any CPU.ActiveCfg = Debug|Any CPU
		{03E6E1F2-BA6E-4248-A381-6C88CF3A6C81}.Debug|Any CPU.Build.0 = Debug|Any CPU
		{03E6E1F2-BA6E-4248-A381-6C88CF3A6C81}.Release|Any CPU.ActiveCfg = Release|Any CPU
		{03E6E1F2-BA6E-4248-A381-6C88CF3A6C81}.Release|Any CPU.Build.0 = Release|Any CPU
		{F7A1B289-0B43-4BFA-BEAA-00EA0BA537C5}.Debug|Any CPU.ActiveCfg = Debug|Any CPU
		{F7A1B289-0B43-4BFA-BEAA-00EA0BA537C5}.Debug|Any CPU.Build.0 = Debug|Any CPU
		{F7A1B289-0B43-4BFA-BEAA-00EA0BA537C5}.Release|Any CPU.ActiveCfg = Release|Any CPU
		{F7A1B289-0B43-4BFA-BEAA-00EA0BA537C5}.Release|Any CPU.Build.0 = Release|Any CPU
	EndGlobalSection
EndGlobal
